
Microsoft Visual Studio Solution File, Format Version 12.00
# Visual Studio Version 17
VisualStudioVersion = 17.0.31903.59
MinimumVisualStudioVersion = 10.0.40219.1
Project("{2150E333-8FDC-42A3-9474-1A3956D46DE8}") = "tests", "tests", "{0AB3BF05-4346-4AA6-1389-037BE0695223}"
EndProject
Project("{FAE04EC0-301F-11D3-BF4B-00C04F79EFBC}") = "Rates.FinanceService.UnitTests", "tests\Rates.FinanceService.UnitTests\Rates.FinanceService.UnitTests.csproj", "{49862190-1444-4A94-845F-CEC2B5389265}"
EndProject
Project("{FAE04EC0-301F-11D3-BF4B-00C04F79EFBC}") = "Rates.UserService.UnitTests", "tests\Rates.UserService.UnitTests\Rates.UserService.UnitTests.csproj", "{2CCA8418-8EC6-4C32-8C88-02FEB7D2F974}"
EndProject
Project("{FAE04EC0-301F-11D3-BF4B-00C04F79EFBC}") = "Rates.FinanceService.IntegrationTests", "tests\Rates.FinanceService.IntegrationTests\Rates.FinanceService.IntegrationTests.csproj", "{CADD073A-810F-4804-82FA-3E61B29BA653}"
EndProject
Project("{FAE04EC0-301F-11D3-BF4B-00C04F79EFBC}") = "Rates.RatesWorker.UnitTests", "tests\Rates.RatesWorker.UnitTests\Rates.RatesWorker.UnitTests.csproj", "{E902B001-B853-40A0-BDDC-BCE442784DDD}"
EndProject
Project("{FAE04EC0-301F-11D3-BF4B-00C04F79EFBC}") = "Rates.UserService.IntegrationTests", "tests\Rates.UserService.IntegrationTests\Rates.UserService.IntegrationTests.csproj", "{10D9CCEC-88F6-41ED-B861-F7E9E1F16A03}"
EndProject
Project("{FAE04EC0-301F-11D3-BF4B-00C04F79EFBC}") = "Rates.Gateway.IntegrationTests", "tests\Rates.Gateway.IntegrationTests\Rates.Gateway.IntegrationTests.csproj", "{13A9EC71-9830-4F5D-88E0-301D70F076F4}"
EndProject
Project("{2150E333-8FDC-42A3-9474-1A3956D46DE8}") = "src", "src", "{827E0CD3-B72D-47B6-A68D-7590B98EB39B}"
EndProject
Project("{2150E333-8FDC-42A3-9474-1A3956D46DE8}") = "BuildingBlocks", "BuildingBlocks", "{90298CBA-BD6F-3A0A-69D5-97CAD7B05E7E}"
EndProject
Project("{2150E333-8FDC-42A3-9474-1A3956D46DE8}") = "Contracts", "Contracts", "{6A36946C-4F06-BE70-24E6-0B0F125A7F9F}"
EndProject
Project("{FAE04EC0-301F-11D3-BF4B-00C04F79EFBC}") = "Rates.BuildingBlocks.Contracts", "src\BuildingBlocks\Contracts\Rates.BuildingBlocks.Contracts.csproj", "{ADBEBA8F-FAEE-4925-9DD1-81D33F2761FC}"
EndProject
Project("{2150E333-8FDC-42A3-9474-1A3956D46DE8}") = "Application", "Application", "{9EE5AAEC-AB02-9FE8-CF99-35D2D2EE0FA4}"
EndProject
Project("{FAE04EC0-301F-11D3-BF4B-00C04F79EFBC}") = "Rates.BuildingBlocks.Application", "src\BuildingBlocks\Application\Rates.BuildingBlocks.Application.csproj", "{557EAD3D-EDC4-4DB5-8C21-07D29390DD2B}"
EndProject
Project("{2150E333-8FDC-42A3-9474-1A3956D46DE8}") = "Infrastructure", "Infrastructure", "{A7446B4C-3630-9B3B-F288-1F78CD1B2B87}"
EndProject
Project("{FAE04EC0-301F-11D3-BF4B-00C04F79EFBC}") = "Rates.BuildingBlocks.Infrastructure", "src\BuildingBlocks\Infrastructure\Rates.BuildingBlocks.Infrastructure.csproj", "{1555E55A-EE0D-4F54-AE46-F32F8534CEF1}"
EndProject
Project("{2150E333-8FDC-42A3-9474-1A3956D46DE8}") = "Domain", "Domain", "{A4B1E784-646A-B9E1-E156-960261419CD6}"
EndProject
Project("{FAE04EC0-301F-11D3-BF4B-00C04F79EFBC}") = "Rates.BuildingBlocks.Domain", "src\BuildingBlocks\Domain\Rates.BuildingBlocks.Domain.csproj", "{B5075F5F-F54B-4F61-872D-9529F3F3C326}"
EndProject
Project("{2150E333-8FDC-42A3-9474-1A3956D46DE8}") = "Services", "Services", "{984BB9B3-3FA3-BE33-9484-CAC21695A33C}"
EndProject
Project("{2150E333-8FDC-42A3-9474-1A3956D46DE8}") = "Migration", "Migration", "{D4678508-565C-8289-5418-709DCAAFFDF6}"
EndProject
Project("{FAE04EC0-301F-11D3-BF4B-00C04F79EFBC}") = "Rates.MigrationService.Infrastructure", "src\Services\Migration\Rates.MigrationService.Infrastructure\Rates.MigrationService.Infrastructure.csproj", "{A451E742-0D9B-49D9-917E-2B6F5CB6568A}"
EndProject
Project("{FAE04EC0-301F-11D3-BF4B-00C04F79EFBC}") = "Rates.MigrationService.Application", "src\Services\Migration\Rates.MigrationService.Application\Rates.MigrationService.Application.csproj", "{C14F09AB-485E-433A-9E17-A059AB056E13}"
EndProject
Project("{FAE04EC0-301F-11D3-BF4B-00C04F79EFBC}") = "Rates.MigrationService.Host", "src\Services\Migration\Rates.MigrationService.Host\Rates.MigrationService.Host.csproj", "{492B69DC-40A4-4A2B-8151-D3ACE94D9FBE}"
EndProject
Project("{2150E333-8FDC-42A3-9474-1A3956D46DE8}") = "RatesWorker", "RatesWorker", "{24750269-76EA-F4C9-B78F-6E40DB742C12}"
EndProject
Project("{FAE04EC0-301F-11D3-BF4B-00C04F79EFBC}") = "Rates.RatesWorker.Host", "src\Services\RatesWorker\Rates.RatesWorker.Host\Rates.RatesWorker.Host.csproj", "{1FB43DBA-CD2A-43DD-981C-3F672213F370}"
EndProject
Project("{2150E333-8FDC-42A3-9474-1A3956D46DE8}") = "ApiGateway", "ApiGateway", "{5B507712-3810-9028-8BC0-B14FC678DCAC}"
EndProject
Project("{FAE04EC0-301F-11D3-BF4B-00C04F79EFBC}") = "Rates.ApiGateway.Api", "src\Services\ApiGateway\Rates.ApiGateway.Api\Rates.ApiGateway.Api.csproj", "{EF7C5A31-A339-463E-A88E-0218CC9B43D7}"
EndProject
Project("{2150E333-8FDC-42A3-9474-1A3956D46DE8}") = "User", "User", "{6792783D-ADFB-1DC9-8301-92642CD8F804}"
EndProject
Project("{FAE04EC0-301F-11D3-BF4B-00C04F79EFBC}") = "Rates.UserService.Infrastructure", "src\Services\User\Rates.UserService.Infrastructure\Rates.UserService.Infrastructure.csproj", "{8AF70592-E7CD-4D16-B0A3-7CDC8916655B}"
EndProject
Project("{FAE04EC0-301F-11D3-BF4B-00C04F79EFBC}") = "Rates.UserService.Application", "src\Services\User\Rates.UserService.Application\Rates.UserService.Application.csproj", "{56655257-212B-4407-9DF4-8EEA030F3FD2}"
EndProject
Project("{FAE04EC0-301F-11D3-BF4B-00C04F79EFBC}") = "Rates.UserService.Api", "src\Services\User\Rates.UserService.Api\Rates.UserService.Api.csproj", "{44BBCCE5-7ACF-4E1F-AAA9-F32FA2A85417}"
EndProject
Project("{FAE04EC0-301F-11D3-BF4B-00C04F79EFBC}") = "Rates.UserService.Domain", "src\Services\User\Rates.UserService.Domain\Rates.UserService.Domain.csproj", "{9E94D775-3AFE-44B1-9807-2D675903B7E6}"
EndProject
Project("{2150E333-8FDC-42A3-9474-1A3956D46DE8}") = "Finance", "Finance", "{30A3C745-6441-62E9-20A2-C490BE11AA87}"
EndProject
Project("{FAE04EC0-301F-11D3-BF4B-00C04F79EFBC}") = "Rates.FinanceService.Application", "src\Services\Finance\Rates.FinanceService.Application\Rates.FinanceService.Application.csproj", "{2B1C1DAC-2AE6-4035-9FDE-BF5C5EF5A32A}"
EndProject
Project("{FAE04EC0-301F-11D3-BF4B-00C04F79EFBC}") = "Rates.FinanceService.Domain", "src\Services\Finance\Rates.FinanceService.Domain\Rates.FinanceService.Domain.csproj", "{A68E34AF-593B-4171-BA0A-2C1815AEAC6A}"
EndProject
Project("{FAE04EC0-301F-11D3-BF4B-00C04F79EFBC}") = "Rates.FinanceService.Api", "src\Services\Finance\Rates.FinanceService.Api\Rates.FinanceService.Api.csproj", "{3F7012E4-03FF-47F0-816D-5332AD85DBC4}"
EndProject
Project("{FAE04EC0-301F-11D3-BF4B-00C04F79EFBC}") = "Rates.FinanceService.Infrastructure", "src\Services\Finance\Rates.FinanceService.Infrastructure\Rates.FinanceService.Infrastructure.csproj", "{D9504B79-E368-44CD-A28B-FFCF05F9C579}"
EndProject
Project("{FAE04EC0-301F-11D3-BF4B-00C04F79EFBC}") = "Rates.MigrationService.UnitTests", "tests\Rates.MigrationService.UnitTests\Rates.MigrationService.UnitTests.csproj", "{BBCF40D1-DAA3-4F49-A5C0-61F94EE08A3E}"
EndProject
Global
	GlobalSection(SolutionConfigurationPlatforms) = preSolution
		Debug|Any CPU = Debug|Any CPU
		Debug|x64 = Debug|x64
		Debug|x86 = Debug|x86
		Release|Any CPU = Release|Any CPU
		Release|x64 = Release|x64
		Release|x86 = Release|x86
	EndGlobalSection
	GlobalSection(ProjectConfigurationPlatforms) = postSolution
		{49862190-1444-4A94-845F-CEC2B5389265}.Debug|Any CPU.ActiveCfg = Debug|Any CPU
		{49862190-1444-4A94-845F-CEC2B5389265}.Debug|Any CPU.Build.0 = Debug|Any CPU
		{49862190-1444-4A94-845F-CEC2B5389265}.Debug|x64.ActiveCfg = Debug|Any CPU
		{49862190-1444-4A94-845F-CEC2B5389265}.Debug|x64.Build.0 = Debug|Any CPU
		{49862190-1444-4A94-845F-CEC2B5389265}.Debug|x86.ActiveCfg = Debug|Any CPU
		{49862190-1444-4A94-845F-CEC2B5389265}.Debug|x86.Build.0 = Debug|Any CPU
		{49862190-1444-4A94-845F-CEC2B5389265}.Release|Any CPU.ActiveCfg = Release|Any CPU
		{49862190-1444-4A94-845F-CEC2B5389265}.Release|Any CPU.Build.0 = Release|Any CPU
		{49862190-1444-4A94-845F-CEC2B5389265}.Release|x64.ActiveCfg = Release|Any CPU
		{49862190-1444-4A94-845F-CEC2B5389265}.Release|x64.Build.0 = Release|Any CPU
		{49862190-1444-4A94-845F-CEC2B5389265}.Release|x86.ActiveCfg = Release|Any CPU
		{49862190-1444-4A94-845F-CEC2B5389265}.Release|x86.Build.0 = Release|Any CPU
		{2CCA8418-8EC6-4C32-8C88-02FEB7D2F974}.Debug|Any CPU.ActiveCfg = Debug|Any CPU
		{2CCA8418-8EC6-4C32-8C88-02FEB7D2F974}.Debug|Any CPU.Build.0 = Debug|Any CPU
		{2CCA8418-8EC6-4C32-8C88-02FEB7D2F974}.Debug|x64.ActiveCfg = Debug|Any CPU
		{2CCA8418-8EC6-4C32-8C88-02FEB7D2F974}.Debug|x64.Build.0 = Debug|Any CPU
		{2CCA8418-8EC6-4C32-8C88-02FEB7D2F974}.Debug|x86.ActiveCfg = Debug|Any CPU
		{2CCA8418-8EC6-4C32-8C88-02FEB7D2F974}.Debug|x86.Build.0 = Debug|Any CPU
		{2CCA8418-8EC6-4C32-8C88-02FEB7D2F974}.Release|Any CPU.ActiveCfg = Release|Any CPU
		{2CCA8418-8EC6-4C32-8C88-02FEB7D2F974}.Release|Any CPU.Build.0 = Release|Any CPU
		{2CCA8418-8EC6-4C32-8C88-02FEB7D2F974}.Release|x64.ActiveCfg = Release|Any CPU
		{2CCA8418-8EC6-4C32-8C88-02FEB7D2F974}.Release|x64.Build.0 = Release|Any CPU
		{2CCA8418-8EC6-4C32-8C88-02FEB7D2F974}.Release|x86.ActiveCfg = Release|Any CPU
		{2CCA8418-8EC6-4C32-8C88-02FEB7D2F974}.Release|x86.Build.0 = Release|Any CPU
		{CADD073A-810F-4804-82FA-3E61B29BA653}.Debug|Any CPU.ActiveCfg = Debug|Any CPU
		{CADD073A-810F-4804-82FA-3E61B29BA653}.Debug|Any CPU.Build.0 = Debug|Any CPU
		{CADD073A-810F-4804-82FA-3E61B29BA653}.Debug|x64.ActiveCfg = Debug|Any CPU
		{CADD073A-810F-4804-82FA-3E61B29BA653}.Debug|x64.Build.0 = Debug|Any CPU
		{CADD073A-810F-4804-82FA-3E61B29BA653}.Debug|x86.ActiveCfg = Debug|Any CPU
		{CADD073A-810F-4804-82FA-3E61B29BA653}.Debug|x86.Build.0 = Debug|Any CPU
		{CADD073A-810F-4804-82FA-3E61B29BA653}.Release|Any CPU.ActiveCfg = Release|Any CPU
		{CADD073A-810F-4804-82FA-3E61B29BA653}.Release|Any CPU.Build.0 = Release|Any CPU
		{CADD073A-810F-4804-82FA-3E61B29BA653}.Release|x64.ActiveCfg = Release|Any CPU
		{CADD073A-810F-4804-82FA-3E61B29BA653}.Release|x64.Build.0 = Release|Any CPU
		{CADD073A-810F-4804-82FA-3E61B29BA653}.Release|x86.ActiveCfg = Release|Any CPU
		{CADD073A-810F-4804-82FA-3E61B29BA653}.Release|x86.Build.0 = Release|Any CPU
		{E902B001-B853-40A0-BDDC-BCE442784DDD}.Debug|Any CPU.ActiveCfg = Debug|Any CPU
		{E902B001-B853-40A0-BDDC-BCE442784DDD}.Debug|Any CPU.Build.0 = Debug|Any CPU
		{E902B001-B853-40A0-BDDC-BCE442784DDD}.Debug|x64.ActiveCfg = Debug|Any CPU
		{E902B001-B853-40A0-BDDC-BCE442784DDD}.Debug|x64.Build.0 = Debug|Any CPU
		{E902B001-B853-40A0-BDDC-BCE442784DDD}.Debug|x86.ActiveCfg = Debug|Any CPU
		{E902B001-B853-40A0-BDDC-BCE442784DDD}.Debug|x86.Build.0 = Debug|Any CPU
		{E902B001-B853-40A0-BDDC-BCE442784DDD}.Release|Any CPU.ActiveCfg = Release|Any CPU
		{E902B001-B853-40A0-BDDC-BCE442784DDD}.Release|Any CPU.Build.0 = Release|Any CPU
		{E902B001-B853-40A0-BDDC-BCE442784DDD}.Release|x64.ActiveCfg = Release|Any CPU
		{E902B001-B853-40A0-BDDC-BCE442784DDD}.Release|x64.Build.0 = Release|Any CPU
		{E902B001-B853-40A0-BDDC-BCE442784DDD}.Release|x86.ActiveCfg = Release|Any CPU
		{E902B001-B853-40A0-BDDC-BCE442784DDD}.Release|x86.Build.0 = Release|Any CPU
		{10D9CCEC-88F6-41ED-B861-F7E9E1F16A03}.Debug|Any CPU.ActiveCfg = Debug|Any CPU
		{10D9CCEC-88F6-41ED-B861-F7E9E1F16A03}.Debug|Any CPU.Build.0 = Debug|Any CPU
		{10D9CCEC-88F6-41ED-B861-F7E9E1F16A03}.Debug|x64.ActiveCfg = Debug|Any CPU
		{10D9CCEC-88F6-41ED-B861-F7E9E1F16A03}.Debug|x64.Build.0 = Debug|Any CPU
		{10D9CCEC-88F6-41ED-B861-F7E9E1F16A03}.Debug|x86.ActiveCfg = Debug|Any CPU
		{10D9CCEC-88F6-41ED-B861-F7E9E1F16A03}.Debug|x86.Build.0 = Debug|Any CPU
		{10D9CCEC-88F6-41ED-B861-F7E9E1F16A03}.Release|Any CPU.ActiveCfg = Release|Any CPU
		{10D9CCEC-88F6-41ED-B861-F7E9E1F16A03}.Release|Any CPU.Build.0 = Release|Any CPU
		{10D9CCEC-88F6-41ED-B861-F7E9E1F16A03}.Release|x64.ActiveCfg = Release|Any CPU
		{10D9CCEC-88F6-41ED-B861-F7E9E1F16A03}.Release|x64.Build.0 = Release|Any CPU
		{10D9CCEC-88F6-41ED-B861-F7E9E1F16A03}.Release|x86.ActiveCfg = Release|Any CPU
		{10D9CCEC-88F6-41ED-B861-F7E9E1F16A03}.Release|x86.Build.0 = Release|Any CPU
		{13A9EC71-9830-4F5D-88E0-301D70F076F4}.Debug|Any CPU.ActiveCfg = Debug|Any CPU
		{13A9EC71-9830-4F5D-88E0-301D70F076F4}.Debug|Any CPU.Build.0 = Debug|Any CPU
		{13A9EC71-9830-4F5D-88E0-301D70F076F4}.Debug|x64.ActiveCfg = Debug|Any CPU
		{13A9EC71-9830-4F5D-88E0-301D70F076F4}.Debug|x64.Build.0 = Debug|Any CPU
		{13A9EC71-9830-4F5D-88E0-301D70F076F4}.Debug|x86.ActiveCfg = Debug|Any CPU
		{13A9EC71-9830-4F5D-88E0-301D70F076F4}.Debug|x86.Build.0 = Debug|Any CPU
		{13A9EC71-9830-4F5D-88E0-301D70F076F4}.Release|Any CPU.ActiveCfg = Release|Any CPU
		{13A9EC71-9830-4F5D-88E0-301D70F076F4}.Release|Any CPU.Build.0 = Release|Any CPU
		{13A9EC71-9830-4F5D-88E0-301D70F076F4}.Release|x64.ActiveCfg = Release|Any CPU
		{13A9EC71-9830-4F5D-88E0-301D70F076F4}.Release|x64.Build.0 = Release|Any CPU
		{13A9EC71-9830-4F5D-88E0-301D70F076F4}.Release|x86.ActiveCfg = Release|Any CPU
		{13A9EC71-9830-4F5D-88E0-301D70F076F4}.Release|x86.Build.0 = Release|Any CPU
		{ADBEBA8F-FAEE-4925-9DD1-81D33F2761FC}.Debug|Any CPU.ActiveCfg = Debug|Any CPU
		{ADBEBA8F-FAEE-4925-9DD1-81D33F2761FC}.Debug|Any CPU.Build.0 = Debug|Any CPU
		{ADBEBA8F-FAEE-4925-9DD1-81D33F2761FC}.Debug|x64.ActiveCfg = Debug|Any CPU
		{ADBEBA8F-FAEE-4925-9DD1-81D33F2761FC}.Debug|x64.Build.0 = Debug|Any CPU
		{ADBEBA8F-FAEE-4925-9DD1-81D33F2761FC}.Debug|x86.ActiveCfg = Debug|Any CPU
		{ADBEBA8F-FAEE-4925-9DD1-81D33F2761FC}.Debug|x86.Build.0 = Debug|Any CPU
		{ADBEBA8F-FAEE-4925-9DD1-81D33F2761FC}.Release|Any CPU.ActiveCfg = Release|Any CPU
		{ADBEBA8F-FAEE-4925-9DD1-81D33F2761FC}.Release|Any CPU.Build.0 = Release|Any CPU
		{ADBEBA8F-FAEE-4925-9DD1-81D33F2761FC}.Release|x64.ActiveCfg = Release|Any CPU
		{ADBEBA8F-FAEE-4925-9DD1-81D33F2761FC}.Release|x64.Build.0 = Release|Any CPU
		{ADBEBA8F-FAEE-4925-9DD1-81D33F2761FC}.Release|x86.ActiveCfg = Release|Any CPU
		{ADBEBA8F-FAEE-4925-9DD1-81D33F2761FC}.Release|x86.Build.0 = Release|Any CPU
		{557EAD3D-EDC4-4DB5-8C21-07D29390DD2B}.Debug|Any CPU.ActiveCfg = Debug|Any CPU
		{557EAD3D-EDC4-4DB5-8C21-07D29390DD2B}.Debug|Any CPU.Build.0 = Debug|Any CPU
		{557EAD3D-EDC4-4DB5-8C21-07D29390DD2B}.Debug|x64.ActiveCfg = Debug|Any CPU
		{557EAD3D-EDC4-4DB5-8C21-07D29390DD2B}.Debug|x64.Build.0 = Debug|Any CPU
		{557EAD3D-EDC4-4DB5-8C21-07D29390DD2B}.Debug|x86.ActiveCfg = Debug|Any CPU
		{557EAD3D-EDC4-4DB5-8C21-07D29390DD2B}.Debug|x86.Build.0 = Debug|Any CPU
		{557EAD3D-EDC4-4DB5-8C21-07D29390DD2B}.Release|Any CPU.ActiveCfg = Release|Any CPU
		{557EAD3D-EDC4-4DB5-8C21-07D29390DD2B}.Release|Any CPU.Build.0 = Release|Any CPU
		{557EAD3D-EDC4-4DB5-8C21-07D29390DD2B}.Release|x64.ActiveCfg = Release|Any CPU
		{557EAD3D-EDC4-4DB5-8C21-07D29390DD2B}.Release|x64.Build.0 = Release|Any CPU
		{557EAD3D-EDC4-4DB5-8C21-07D29390DD2B}.Release|x86.ActiveCfg = Release|Any CPU
		{557EAD3D-EDC4-4DB5-8C21-07D29390DD2B}.Release|x86.Build.0 = Release|Any CPU
		{1555E55A-EE0D-4F54-AE46-F32F8534CEF1}.Debug|Any CPU.ActiveCfg = Debug|Any CPU
		{1555E55A-EE0D-4F54-AE46-F32F8534CEF1}.Debug|Any CPU.Build.0 = Debug|Any CPU
		{1555E55A-EE0D-4F54-AE46-F32F8534CEF1}.Debug|x64.ActiveCfg = Debug|Any CPU
		{1555E55A-EE0D-4F54-AE46-F32F8534CEF1}.Debug|x64.Build.0 = Debug|Any CPU
		{1555E55A-EE0D-4F54-AE46-F32F8534CEF1}.Debug|x86.ActiveCfg = Debug|Any CPU
		{1555E55A-EE0D-4F54-AE46-F32F8534CEF1}.Debug|x86.Build.0 = Debug|Any CPU
		{1555E55A-EE0D-4F54-AE46-F32F8534CEF1}.Release|Any CPU.ActiveCfg = Release|Any CPU
		{1555E55A-EE0D-4F54-AE46-F32F8534CEF1}.Release|Any CPU.Build.0 = Release|Any CPU
		{1555E55A-EE0D-4F54-AE46-F32F8534CEF1}.Release|x64.ActiveCfg = Release|Any CPU
		{1555E55A-EE0D-4F54-AE46-F32F8534CEF1}.Release|x64.Build.0 = Release|Any CPU
		{1555E55A-EE0D-4F54-AE46-F32F8534CEF1}.Release|x86.ActiveCfg = Release|Any CPU
		{1555E55A-EE0D-4F54-AE46-F32F8534CEF1}.Release|x86.Build.0 = Release|Any CPU
		{B5075F5F-F54B-4F61-872D-9529F3F3C326}.Debug|Any CPU.ActiveCfg = Debug|Any CPU
		{B5075F5F-F54B-4F61-872D-9529F3F3C326}.Debug|Any CPU.Build.0 = Debug|Any CPU
		{B5075F5F-F54B-4F61-872D-9529F3F3C326}.Debug|x64.ActiveCfg = Debug|Any CPU
		{B5075F5F-F54B-4F61-872D-9529F3F3C326}.Debug|x64.Build.0 = Debug|Any CPU
		{B5075F5F-F54B-4F61-872D-9529F3F3C326}.Debug|x86.ActiveCfg = Debug|Any CPU
		{B5075F5F-F54B-4F61-872D-9529F3F3C326}.Debug|x86.Build.0 = Debug|Any CPU
		{B5075F5F-F54B-4F61-872D-9529F3F3C326}.Release|Any CPU.ActiveCfg = Release|Any CPU
		{B5075F5F-F54B-4F61-872D-9529F3F3C326}.Release|Any CPU.Build.0 = Release|Any CPU
		{B5075F5F-F54B-4F61-872D-9529F3F3C326}.Release|x64.ActiveCfg = Release|Any CPU
		{B5075F5F-F54B-4F61-872D-9529F3F3C326}.Release|x64.Build.0 = Release|Any CPU
		{B5075F5F-F54B-4F61-872D-9529F3F3C326}.Release|x86.ActiveCfg = Release|Any CPU
		{B5075F5F-F54B-4F61-872D-9529F3F3C326}.Release|x86.Build.0 = Release|Any CPU
		{A451E742-0D9B-49D9-917E-2B6F5CB6568A}.Debug|Any CPU.ActiveCfg = Debug|Any CPU
		{A451E742-0D9B-49D9-917E-2B6F5CB6568A}.Debug|Any CPU.Build.0 = Debug|Any CPU
		{A451E742-0D9B-49D9-917E-2B6F5CB6568A}.Debug|x64.ActiveCfg = Debug|Any CPU
		{A451E742-0D9B-49D9-917E-2B6F5CB6568A}.Debug|x64.Build.0 = Debug|Any CPU
		{A451E742-0D9B-49D9-917E-2B6F5CB6568A}.Debug|x86.ActiveCfg = Debug|Any CPU
		{A451E742-0D9B-49D9-917E-2B6F5CB6568A}.Debug|x86.Build.0 = Debug|Any CPU
		{A451E742-0D9B-49D9-917E-2B6F5CB6568A}.Release|Any CPU.ActiveCfg = Release|Any CPU
		{A451E742-0D9B-49D9-917E-2B6F5CB6568A}.Release|Any CPU.Build.0 = Release|Any CPU
		{A451E742-0D9B-49D9-917E-2B6F5CB6568A}.Release|x64.ActiveCfg = Release|Any CPU
		{A451E742-0D9B-49D9-917E-2B6F5CB6568A}.Release|x64.Build.0 = Release|Any CPU
		{A451E742-0D9B-49D9-917E-2B6F5CB6568A}.Release|x86.ActiveCfg = Release|Any CPU
		{A451E742-0D9B-49D9-917E-2B6F5CB6568A}.Release|x86.Build.0 = Release|Any CPU
		{C14F09AB-485E-433A-9E17-A059AB056E13}.Debug|Any CPU.ActiveCfg = Debug|Any CPU
		{C14F09AB-485E-433A-9E17-A059AB056E13}.Debug|Any CPU.Build.0 = Debug|Any CPU
		{C14F09AB-485E-433A-9E17-A059AB056E13}.Debug|x64.ActiveCfg = Debug|Any CPU
		{C14F09AB-485E-433A-9E17-A059AB056E13}.Debug|x64.Build.0 = Debug|Any CPU
		{C14F09AB-485E-433A-9E17-A059AB056E13}.Debug|x86.ActiveCfg = Debug|Any CPU
		{C14F09AB-485E-433A-9E17-A059AB056E13}.Debug|x86.Build.0 = Debug|Any CPU
		{C14F09AB-485E-433A-9E17-A059AB056E13}.Release|Any CPU.ActiveCfg = Release|Any CPU
		{C14F09AB-485E-433A-9E17-A059AB056E13}.Release|Any CPU.Build.0 = Release|Any CPU
		{C14F09AB-485E-433A-9E17-A059AB056E13}.Release|x64.ActiveCfg = Release|Any CPU
		{C14F09AB-485E-433A-9E17-A059AB056E13}.Release|x64.Build.0 = Release|Any CPU
		{C14F09AB-485E-433A-9E17-A059AB056E13}.Release|x86.ActiveCfg = Release|Any CPU
		{C14F09AB-485E-433A-9E17-A059AB056E13}.Release|x86.Build.0 = Release|Any CPU
		{492B69DC-40A4-4A2B-8151-D3ACE94D9FBE}.Debug|Any CPU.ActiveCfg = Debug|Any CPU
		{492B69DC-40A4-4A2B-8151-D3ACE94D9FBE}.Debug|Any CPU.Build.0 = Debug|Any CPU
		{492B69DC-40A4-4A2B-8151-D3ACE94D9FBE}.Debug|x64.ActiveCfg = Debug|Any CPU
		{492B69DC-40A4-4A2B-8151-D3ACE94D9FBE}.Debug|x64.Build.0 = Debug|Any CPU
		{492B69DC-40A4-4A2B-8151-D3ACE94D9FBE}.Debug|x86.ActiveCfg = Debug|Any CPU
		{492B69DC-40A4-4A2B-8151-D3ACE94D9FBE}.Debug|x86.Build.0 = Debug|Any CPU
		{492B69DC-40A4-4A2B-8151-D3ACE94D9FBE}.Release|Any CPU.ActiveCfg = Release|Any CPU
		{492B69DC-40A4-4A2B-8151-D3ACE94D9FBE}.Release|Any CPU.Build.0 = Release|Any CPU
		{492B69DC-40A4-4A2B-8151-D3ACE94D9FBE}.Release|x64.ActiveCfg = Release|Any CPU
		{492B69DC-40A4-4A2B-8151-D3ACE94D9FBE}.Release|x64.Build.0 = Release|Any CPU
		{492B69DC-40A4-4A2B-8151-D3ACE94D9FBE}.Release|x86.ActiveCfg = Release|Any CPU
		{492B69DC-40A4-4A2B-8151-D3ACE94D9FBE}.Release|x86.Build.0 = Release|Any CPU
		{1FB43DBA-CD2A-43DD-981C-3F672213F370}.Debug|Any CPU.ActiveCfg = Debug|Any CPU
		{1FB43DBA-CD2A-43DD-981C-3F672213F370}.Debug|Any CPU.Build.0 = Debug|Any CPU
		{1FB43DBA-CD2A-43DD-981C-3F672213F370}.Debug|x64.ActiveCfg = Debug|Any CPU
		{1FB43DBA-CD2A-43DD-981C-3F672213F370}.Debug|x64.Build.0 = Debug|Any CPU
		{1FB43DBA-CD2A-43DD-981C-3F672213F370}.Debug|x86.ActiveCfg = Debug|Any CPU
		{1FB43DBA-CD2A-43DD-981C-3F672213F370}.Debug|x86.Build.0 = Debug|Any CPU
		{1FB43DBA-CD2A-43DD-981C-3F672213F370}.Release|Any CPU.ActiveCfg = Release|Any CPU
		{1FB43DBA-CD2A-43DD-981C-3F672213F370}.Release|Any CPU.Build.0 = Release|Any CPU
		{1FB43DBA-CD2A-43DD-981C-3F672213F370}.Release|x64.ActiveCfg = Release|Any CPU
		{1FB43DBA-CD2A-43DD-981C-3F672213F370}.Release|x64.Build.0 = Release|Any CPU
		{1FB43DBA-CD2A-43DD-981C-3F672213F370}.Release|x86.ActiveCfg = Release|Any CPU
		{1FB43DBA-CD2A-43DD-981C-3F672213F370}.Release|x86.Build.0 = Release|Any CPU
		{EF7C5A31-A339-463E-A88E-0218CC9B43D7}.Debug|Any CPU.ActiveCfg = Debug|Any CPU
		{EF7C5A31-A339-463E-A88E-0218CC9B43D7}.Debug|Any CPU.Build.0 = Debug|Any CPU
		{EF7C5A31-A339-463E-A88E-0218CC9B43D7}.Debug|x64.ActiveCfg = Debug|Any CPU
		{EF7C5A31-A339-463E-A88E-0218CC9B43D7}.Debug|x64.Build.0 = Debug|Any CPU
		{EF7C5A31-A339-463E-A88E-0218CC9B43D7}.Debug|x86.ActiveCfg = Debug|Any CPU
		{EF7C5A31-A339-463E-A88E-0218CC9B43D7}.Debug|x86.Build.0 = Debug|Any CPU
		{EF7C5A31-A339-463E-A88E-0218CC9B43D7}.Release|Any CPU.ActiveCfg = Release|Any CPU
		{EF7C5A31-A339-463E-A88E-0218CC9B43D7}.Release|Any CPU.Build.0 = Release|Any CPU
		{EF7C5A31-A339-463E-A88E-0218CC9B43D7}.Release|x64.ActiveCfg = Release|Any CPU
		{EF7C5A31-A339-463E-A88E-0218CC9B43D7}.Release|x64.Build.0 = Release|Any CPU
		{EF7C5A31-A339-463E-A88E-0218CC9B43D7}.Release|x86.ActiveCfg = Release|Any CPU
		{EF7C5A31-A339-463E-A88E-0218CC9B43D7}.Release|x86.Build.0 = Release|Any CPU
		{8AF70592-E7CD-4D16-B0A3-7CDC8916655B}.Debug|Any CPU.ActiveCfg = Debug|Any CPU
		{8AF70592-E7CD-4D16-B0A3-7CDC8916655B}.Debug|Any CPU.Build.0 = Debug|Any CPU
		{8AF70592-E7CD-4D16-B0A3-7CDC8916655B}.Debug|x64.ActiveCfg = Debug|Any CPU
		{8AF70592-E7CD-4D16-B0A3-7CDC8916655B}.Debug|x64.Build.0 = Debug|Any CPU
		{8AF70592-E7CD-4D16-B0A3-7CDC8916655B}.Debug|x86.ActiveCfg = Debug|Any CPU
		{8AF70592-E7CD-4D16-B0A3-7CDC8916655B}.Debug|x86.Build.0 = Debug|Any CPU
		{8AF70592-E7CD-4D16-B0A3-7CDC8916655B}.Release|Any CPU.ActiveCfg = Release|Any CPU
		{8AF70592-E7CD-4D16-B0A3-7CDC8916655B}.Release|Any CPU.Build.0 = Release|Any CPU
		{8AF70592-E7CD-4D16-B0A3-7CDC8916655B}.Release|x64.ActiveCfg = Release|Any CPU
		{8AF70592-E7CD-4D16-B0A3-7CDC8916655B}.Release|x64.Build.0 = Release|Any CPU
		{8AF70592-E7CD-4D16-B0A3-7CDC8916655B}.Release|x86.ActiveCfg = Release|Any CPU
		{8AF70592-E7CD-4D16-B0A3-7CDC8916655B}.Release|x86.Build.0 = Release|Any CPU
		{56655257-212B-4407-9DF4-8EEA030F3FD2}.Debug|Any CPU.ActiveCfg = Debug|Any CPU
		{56655257-212B-4407-9DF4-8EEA030F3FD2}.Debug|Any CPU.Build.0 = Debug|Any CPU
		{56655257-212B-4407-9DF4-8EEA030F3FD2}.Debug|x64.ActiveCfg = Debug|Any CPU
		{56655257-212B-4407-9DF4-8EEA030F3FD2}.Debug|x64.Build.0 = Debug|Any CPU
		{56655257-212B-4407-9DF4-8EEA030F3FD2}.Debug|x86.ActiveCfg = Debug|Any CPU
		{56655257-212B-4407-9DF4-8EEA030F3FD2}.Debug|x86.Build.0 = Debug|Any CPU
		{56655257-212B-4407-9DF4-8EEA030F3FD2}.Release|Any CPU.ActiveCfg = Release|Any CPU
		{56655257-212B-4407-9DF4-8EEA030F3FD2}.Release|Any CPU.Build.0 = Release|Any CPU
		{56655257-212B-4407-9DF4-8EEA030F3FD2}.Release|x64.ActiveCfg = Release|Any CPU
		{56655257-212B-4407-9DF4-8EEA030F3FD2}.Release|x64.Build.0 = Release|Any CPU
		{56655257-212B-4407-9DF4-8EEA030F3FD2}.Release|x86.ActiveCfg = Release|Any CPU
		{56655257-212B-4407-9DF4-8EEA030F3FD2}.Release|x86.Build.0 = Release|Any CPU
		{44BBCCE5-7ACF-4E1F-AAA9-F32FA2A85417}.Debug|Any CPU.ActiveCfg = Debug|Any CPU
		{44BBCCE5-7ACF-4E1F-AAA9-F32FA2A85417}.Debug|Any CPU.Build.0 = Debug|Any CPU
		{44BBCCE5-7ACF-4E1F-AAA9-F32FA2A85417}.Debug|x64.ActiveCfg = Debug|Any CPU
		{44BBCCE5-7ACF-4E1F-AAA9-F32FA2A85417}.Debug|x64.Build.0 = Debug|Any CPU
		{44BBCCE5-7ACF-4E1F-AAA9-F32FA2A85417}.Debug|x86.ActiveCfg = Debug|Any CPU
		{44BBCCE5-7ACF-4E1F-AAA9-F32FA2A85417}.Debug|x86.Build.0 = Debug|Any CPU
		{44BBCCE5-7ACF-4E1F-AAA9-F32FA2A85417}.Release|Any CPU.ActiveCfg = Release|Any CPU
		{44BBCCE5-7ACF-4E1F-AAA9-F32FA2A85417}.Release|Any CPU.Build.0 = Release|Any CPU
		{44BBCCE5-7ACF-4E1F-AAA9-F32FA2A85417}.Release|x64.ActiveCfg = Release|Any CPU
		{44BBCCE5-7ACF-4E1F-AAA9-F32FA2A85417}.Release|x64.Build.0 = Release|Any CPU
		{44BBCCE5-7ACF-4E1F-AAA9-F32FA2A85417}.Release|x86.ActiveCfg = Release|Any CPU
		{44BBCCE5-7ACF-4E1F-AAA9-F32FA2A85417}.Release|x86.Build.0 = Release|Any CPU
		{9E94D775-3AFE-44B1-9807-2D675903B7E6}.Debug|Any CPU.ActiveCfg = Debug|Any CPU
		{9E94D775-3AFE-44B1-9807-2D675903B7E6}.Debug|Any CPU.Build.0 = Debug|Any CPU
		{9E94D775-3AFE-44B1-9807-2D675903B7E6}.Debug|x64.ActiveCfg = Debug|Any CPU
		{9E94D775-3AFE-44B1-9807-2D675903B7E6}.Debug|x64.Build.0 = Debug|Any CPU
		{9E94D775-3AFE-44B1-9807-2D675903B7E6}.Debug|x86.ActiveCfg = Debug|Any CPU
		{9E94D775-3AFE-44B1-9807-2D675903B7E6}.Debug|x86.Build.0 = Debug|Any CPU
		{9E94D775-3AFE-44B1-9807-2D675903B7E6}.Release|Any CPU.ActiveCfg = Release|Any CPU
		{9E94D775-3AFE-44B1-9807-2D675903B7E6}.Release|Any CPU.Build.0 = Release|Any CPU
		{9E94D775-3AFE-44B1-9807-2D675903B7E6}.Release|x64.ActiveCfg = Release|Any CPU
		{9E94D775-3AFE-44B1-9807-2D675903B7E6}.Release|x64.Build.0 = Release|Any CPU
		{9E94D775-3AFE-44B1-9807-2D675903B7E6}.Release|x86.ActiveCfg = Release|Any CPU
		{9E94D775-3AFE-44B1-9807-2D675903B7E6}.Release|x86.Build.0 = Release|Any CPU
		{2B1C1DAC-2AE6-4035-9FDE-BF5C5EF5A32A}.Debug|Any CPU.ActiveCfg = Debug|Any CPU
		{2B1C1DAC-2AE6-4035-9FDE-BF5C5EF5A32A}.Debug|Any CPU.Build.0 = Debug|Any CPU
		{2B1C1DAC-2AE6-4035-9FDE-BF5C5EF5A32A}.Debug|x64.ActiveCfg = Debug|Any CPU
		{2B1C1DAC-2AE6-4035-9FDE-BF5C5EF5A32A}.Debug|x64.Build.0 = Debug|Any CPU
		{2B1C1DAC-2AE6-4035-9FDE-BF5C5EF5A32A}.Debug|x86.ActiveCfg = Debug|Any CPU
		{2B1C1DAC-2AE6-4035-9FDE-BF5C5EF5A32A}.Debug|x86.Build.0 = Debug|Any CPU
		{2B1C1DAC-2AE6-4035-9FDE-BF5C5EF5A32A}.Release|Any CPU.ActiveCfg = Release|Any CPU
		{2B1C1DAC-2AE6-4035-9FDE-BF5C5EF5A32A}.Release|Any CPU.Build.0 = Release|Any CPU
		{2B1C1DAC-2AE6-4035-9FDE-BF5C5EF5A32A}.Release|x64.ActiveCfg = Release|Any CPU
		{2B1C1DAC-2AE6-4035-9FDE-BF5C5EF5A32A}.Release|x64.Build.0 = Release|Any CPU
		{2B1C1DAC-2AE6-4035-9FDE-BF5C5EF5A32A}.Release|x86.ActiveCfg = Release|Any CPU
		{2B1C1DAC-2AE6-4035-9FDE-BF5C5EF5A32A}.Release|x86.Build.0 = Release|Any CPU
		{A68E34AF-593B-4171-BA0A-2C1815AEAC6A}.Debug|Any CPU.ActiveCfg = Debug|Any CPU
		{A68E34AF-593B-4171-BA0A-2C1815AEAC6A}.Debug|Any CPU.Build.0 = Debug|Any CPU
		{A68E34AF-593B-4171-BA0A-2C1815AEAC6A}.Debug|x64.ActiveCfg = Debug|Any CPU
		{A68E34AF-593B-4171-BA0A-2C1815AEAC6A}.Debug|x64.Build.0 = Debug|Any CPU
		{A68E34AF-593B-4171-BA0A-2C1815AEAC6A}.Debug|x86.ActiveCfg = Debug|Any CPU
		{A68E34AF-593B-4171-BA0A-2C1815AEAC6A}.Debug|x86.Build.0 = Debug|Any CPU
		{A68E34AF-593B-4171-BA0A-2C1815AEAC6A}.Release|Any CPU.ActiveCfg = Release|Any CPU
		{A68E34AF-593B-4171-BA0A-2C1815AEAC6A}.Release|Any CPU.Build.0 = Release|Any CPU
		{A68E34AF-593B-4171-BA0A-2C1815AEAC6A}.Release|x64.ActiveCfg = Release|Any CPU
		{A68E34AF-593B-4171-BA0A-2C1815AEAC6A}.Release|x64.Build.0 = Release|Any CPU
		{A68E34AF-593B-4171-BA0A-2C1815AEAC6A}.Release|x86.ActiveCfg = Release|Any CPU
		{A68E34AF-593B-4171-BA0A-2C1815AEAC6A}.Release|x86.Build.0 = Release|Any CPU
		{3F7012E4-03FF-47F0-816D-5332AD85DBC4}.Debug|Any CPU.ActiveCfg = Debug|Any CPU
		{3F7012E4-03FF-47F0-816D-5332AD85DBC4}.Debug|Any CPU.Build.0 = Debug|Any CPU
		{3F7012E4-03FF-47F0-816D-5332AD85DBC4}.Debug|x64.ActiveCfg = Debug|Any CPU
		{3F7012E4-03FF-47F0-816D-5332AD85DBC4}.Debug|x64.Build.0 = Debug|Any CPU
		{3F7012E4-03FF-47F0-816D-5332AD85DBC4}.Debug|x86.ActiveCfg = Debug|Any CPU
		{3F7012E4-03FF-47F0-816D-5332AD85DBC4}.Debug|x86.Build.0 = Debug|Any CPU
		{3F7012E4-03FF-47F0-816D-5332AD85DBC4}.Release|Any CPU.ActiveCfg = Release|Any CPU
		{3F7012E4-03FF-47F0-816D-5332AD85DBC4}.Release|Any CPU.Build.0 = Release|Any CPU
		{3F7012E4-03FF-47F0-816D-5332AD85DBC4}.Release|x64.ActiveCfg = Release|Any CPU
		{3F7012E4-03FF-47F0-816D-5332AD85DBC4}.Release|x64.Build.0 = Release|Any CPU
		{3F7012E4-03FF-47F0-816D-5332AD85DBC4}.Release|x86.ActiveCfg = Release|Any CPU
		{3F7012E4-03FF-47F0-816D-5332AD85DBC4}.Release|x86.Build.0 = Release|Any CPU
		{D9504B79-E368-44CD-A28B-FFCF05F9C579}.Debug|Any CPU.ActiveCfg = Debug|Any CPU
		{D9504B79-E368-44CD-A28B-FFCF05F9C579}.Debug|Any CPU.Build.0 = Debug|Any CPU
		{D9504B79-E368-44CD-A28B-FFCF05F9C579}.Debug|x64.ActiveCfg = Debug|Any CPU
		{D9504B79-E368-44CD-A28B-FFCF05F9C579}.Debug|x64.Build.0 = Debug|Any CPU
		{D9504B79-E368-44CD-A28B-FFCF05F9C579}.Debug|x86.ActiveCfg = Debug|Any CPU
		{D9504B79-E368-44CD-A28B-FFCF05F9C579}.Debug|x86.Build.0 = Debug|Any CPU
		{D9504B79-E368-44CD-A28B-FFCF05F9C579}.Release|Any CPU.ActiveCfg = Release|Any CPU
		{D9504B79-E368-44CD-A28B-FFCF05F9C579}.Release|Any CPU.Build.0 = Release|Any CPU
		{D9504B79-E368-44CD-A28B-FFCF05F9C579}.Release|x64.ActiveCfg = Release|Any CPU
		{D9504B79-E368-44CD-A28B-FFCF05F9C579}.Release|x64.Build.0 = Release|Any CPU
		{D9504B79-E368-44CD-A28B-FFCF05F9C579}.Release|x86.ActiveCfg = Release|Any CPU
		{D9504B79-E368-44CD-A28B-FFCF05F9C579}.Release|x86.Build.0 = Release|Any CPU
		{BBCF40D1-DAA3-4F49-A5C0-61F94EE08A3E}.Debug|Any CPU.ActiveCfg = Debug|Any CPU
		{BBCF40D1-DAA3-4F49-A5C0-61F94EE08A3E}.Debug|Any CPU.Build.0 = Debug|Any CPU
		{BBCF40D1-DAA3-4F49-A5C0-61F94EE08A3E}.Debug|x64.ActiveCfg = Debug|Any CPU
		{BBCF40D1-DAA3-4F49-A5C0-61F94EE08A3E}.Debug|x64.Build.0 = Debug|Any CPU
		{BBCF40D1-DAA3-4F49-A5C0-61F94EE08A3E}.Debug|x86.ActiveCfg = Debug|Any CPU
		{BBCF40D1-DAA3-4F49-A5C0-61F94EE08A3E}.Debug|x86.Build.0 = Debug|Any CPU
		{BBCF40D1-DAA3-4F49-A5C0-61F94EE08A3E}.Release|Any CPU.ActiveCfg = Release|Any CPU
		{BBCF40D1-DAA3-4F49-A5C0-61F94EE08A3E}.Release|Any CPU.Build.0 = Release|Any CPU
		{BBCF40D1-DAA3-4F49-A5C0-61F94EE08A3E}.Release|x64.ActiveCfg = Release|Any CPU
		{BBCF40D1-DAA3-4F49-A5C0-61F94EE08A3E}.Release|x64.Build.0 = Release|Any CPU
		{BBCF40D1-DAA3-4F49-A5C0-61F94EE08A3E}.Release|x86.ActiveCfg = Release|Any CPU
		{BBCF40D1-DAA3-4F49-A5C0-61F94EE08A3E}.Release|x86.Build.0 = Release|Any CPU
	EndGlobalSection
	GlobalSection(SolutionProperties) = preSolution
		HideSolutionNode = FALSE
	EndGlobalSection
	GlobalSection(NestedProjects) = preSolution
		{49862190-1444-4A94-845F-CEC2B5389265} = {0AB3BF05-4346-4AA6-1389-037BE0695223}
		{2CCA8418-8EC6-4C32-8C88-02FEB7D2F974} = {0AB3BF05-4346-4AA6-1389-037BE0695223}
		{CADD073A-810F-4804-82FA-3E61B29BA653} = {0AB3BF05-4346-4AA6-1389-037BE0695223}
		{E902B001-B853-40A0-BDDC-BCE442784DDD} = {0AB3BF05-4346-4AA6-1389-037BE0695223}
		{10D9CCEC-88F6-41ED-B861-F7E9E1F16A03} = {0AB3BF05-4346-4AA6-1389-037BE0695223}
		{13A9EC71-9830-4F5D-88E0-301D70F076F4} = {0AB3BF05-4346-4AA6-1389-037BE0695223}
		{90298CBA-BD6F-3A0A-69D5-97CAD7B05E7E} = {827E0CD3-B72D-47B6-A68D-7590B98EB39B}
		{6A36946C-4F06-BE70-24E6-0B0F125A7F9F} = {90298CBA-BD6F-3A0A-69D5-97CAD7B05E7E}
		{ADBEBA8F-FAEE-4925-9DD1-81D33F2761FC} = {6A36946C-4F06-BE70-24E6-0B0F125A7F9F}
		{9EE5AAEC-AB02-9FE8-CF99-35D2D2EE0FA4} = {90298CBA-BD6F-3A0A-69D5-97CAD7B05E7E}
		{557EAD3D-EDC4-4DB5-8C21-07D29390DD2B} = {9EE5AAEC-AB02-9FE8-CF99-35D2D2EE0FA4}
		{A7446B4C-3630-9B3B-F288-1F78CD1B2B87} = {90298CBA-BD6F-3A0A-69D5-97CAD7B05E7E}
		{1555E55A-EE0D-4F54-AE46-F32F8534CEF1} = {A7446B4C-3630-9B3B-F288-1F78CD1B2B87}
		{A4B1E784-646A-B9E1-E156-960261419CD6} = {90298CBA-BD6F-3A0A-69D5-97CAD7B05E7E}
		{B5075F5F-F54B-4F61-872D-9529F3F3C326} = {A4B1E784-646A-B9E1-E156-960261419CD6}
		{984BB9B3-3FA3-BE33-9484-CAC21695A33C} = {827E0CD3-B72D-47B6-A68D-7590B98EB39B}
		{D4678508-565C-8289-5418-709DCAAFFDF6} = {984BB9B3-3FA3-BE33-9484-CAC21695A33C}
		{A451E742-0D9B-49D9-917E-2B6F5CB6568A} = {D4678508-565C-8289-5418-709DCAAFFDF6}
		{C14F09AB-485E-433A-9E17-A059AB056E13} = {D4678508-565C-8289-5418-709DCAAFFDF6}
		{492B69DC-40A4-4A2B-8151-D3ACE94D9FBE} = {D4678508-565C-8289-5418-709DCAAFFDF6}
		{24750269-76EA-F4C9-B78F-6E40DB742C12} = {984BB9B3-3FA3-BE33-9484-CAC21695A33C}
		{1FB43DBA-CD2A-43DD-981C-3F672213F370} = {24750269-76EA-F4C9-B78F-6E40DB742C12}
		{5B507712-3810-9028-8BC0-B14FC678DCAC} = {984BB9B3-3FA3-BE33-9484-CAC21695A33C}
		{EF7C5A31-A339-463E-A88E-0218CC9B43D7} = {5B507712-3810-9028-8BC0-B14FC678DCAC}
		{6792783D-ADFB-1DC9-8301-92642CD8F804} = {984BB9B3-3FA3-BE33-9484-CAC21695A33C}
		{8AF70592-E7CD-4D16-B0A3-7CDC8916655B} = {6792783D-ADFB-1DC9-8301-92642CD8F804}
		{56655257-212B-4407-9DF4-8EEA030F3FD2} = {6792783D-ADFB-1DC9-8301-92642CD8F804}
		{44BBCCE5-7ACF-4E1F-AAA9-F32FA2A85417} = {6792783D-ADFB-1DC9-8301-92642CD8F804}
		{9E94D775-3AFE-44B1-9807-2D675903B7E6} = {6792783D-ADFB-1DC9-8301-92642CD8F804}
		{30A3C745-6441-62E9-20A2-C490BE11AA87} = {984BB9B3-3FA3-BE33-9484-CAC21695A33C}
		{2B1C1DAC-2AE6-4035-9FDE-BF5C5EF5A32A} = {30A3C745-6441-62E9-20A2-C490BE11AA87}
		{A68E34AF-593B-4171-BA0A-2C1815AEAC6A} = {30A3C745-6441-62E9-20A2-C490BE11AA87}
		{3F7012E4-03FF-47F0-816D-5332AD85DBC4} = {30A3C745-6441-62E9-20A2-C490BE11AA87}
		{D9504B79-E368-44CD-A28B-FFCF05F9C579} = {30A3C745-6441-62E9-20A2-C490BE11AA87}
		{BBCF40D1-DAA3-4F49-A5C0-61F94EE08A3E} = {0AB3BF05-4346-4AA6-1389-037BE0695223}
	EndGlobalSection
EndGlobal
